<Solution>
  <Project Path="AstarPathfindingProject.csproj" />
  <Project Path="PackageToolsEditor.csproj" />
  <Project Path="Assembly-CSharp.csproj" />
  <Project Path="AstarPathfindingProjectEditor.csproj" />
  <Project Path="PrimeTween.Installer.csproj" />
  <Project Path="Assembly-CSharp-Editor.csproj" />
</Solution>
